PODS:
  - ComScore (6.15.0)
  - GoogleAds-IMA-iOS-SDK (3.24.0)
  - MediastreamPlatformSDKxC (3.0.0-alpha.09):
    - ComScore (~> 6.15.0)
    - GoogleAds-IMA-iOS-SDK (= 3.24.0)
    - YouboraAVPlayerAdapter (= 6.3.5)
    - YouboraLib (= 6.3.9)
  - YouboraAVPlayerAdapter (6.3.5):
    - YouboraLib (~> 6.3.0)
  - YouboraLib (6.3.9)

DEPENDENCIES:
  - MediastreamPlatformSDKxC (~> 3.0.0-alpha.09)

SPEC REPOS:
  trunk:
    - ComScore
    - GoogleAds-IMA-iOS-SDK
    - MediastreamPlatformSDKxC
    - YouboraAVPlayerAdapter
    - YouboraLib

SPEC CHECKSUMS:
  ComScore: 152be249b930a8da0d59d8468b63e25a6713bcf5
  GoogleAds-IMA-iOS-SDK: bf4dc86b31a1d1b27021008200bbeb6faa689901
  MediastreamPlatformSDKxC: 534666c0ac4ef4e2a34981fd404639a21be61d25
  YouboraAVPlayerAdapter: 18c4c75ad2b43fb27f043ae23f1c979c3076ce7a
  YouboraLib: bee6890fb6cf8c4e8ff30a6462bc9692347e28ff

PODFILE CHECKSUM: 5eaf9c00e82d193221e981ad7d61a2d184999624

COCOAPODS: 1.16.2
